
Microsoft Visual Studio Solution File, Format Version 12.00
# Visual Studio Version 16
VisualStudioVersion = 16.0.29424.173
MinimumVisualStudioVersion = 10.0.40219.1
Project("{8BC9CEB8-8B4A-11D0-8D11-00A0C91BC942}") = "roar-vs", "roar-vs\roar.vcxproj", "{3674056B-692E-44B9-8A3A-F540FFB3AE18}"
EndProject
Global
	GlobalSection(SolutionConfigurationPlatforms) = preSolution
		Debug|x64 = Debug|x64
		Debug|x86 = Debug|x86
		Release|x64 = Release|x64
		Release|x86 = Release|x86
	EndGlobalSection
	GlobalSection(ProjectConfigurationPlatforms) = postSolution
		{3674056B-692E-44B9-8A3A-F540FFB3AE18}.Debug|x64.ActiveCfg = Debug|x64
		{3674056B-692E-44B9-8A3A-F540FFB3AE18}.Debug|x64.Build.0 = Debug|x64
		{3674056B-692E-44B9-8A3A-F540FFB3AE18}.Debug|x86.ActiveCfg = Debug|Win32
		{3674056B-692E-44B9-8A3A-F540FFB3AE18}.Debug|x86.Build.0 = Debug|Win32
		{3674056B-692E-44B9-8A3A-F540FFB3AE18}.Release|x64.ActiveCfg = Release|x64
		{3674056B-692E-44B9-8A3A-F540FFB3AE18}.Release|x64.Build.0 = Release|x64
		{3674056B-692E-44B9-8A3A-F540FFB3AE18}.Release|x86.ActiveCfg = Release|Win32
		{3674056B-692E-44B9-8A3A-F540FFB3AE18}.Release|x86.Build.0 = Release|Win32
	EndGlobalSection
	GlobalSection(SolutionProperties) = preSolution
		HideSolutionNode = FALSE
	EndGlobalSection
	GlobalSection(ExtensibilityGlobals) = postSolution
		SolutionGuid = {1942FCCE-6CFD-44F1-95E0-B53D2E3B50C3}
	EndGlobalSection
EndGlobal
